github.com/jfk9w-go/aconvert-api v0.9.3-0.20190107111016-79576d176002 h1:mZS0xBL8MjPBorOSGmrxlLD0Ghgi4fGNwDuGzHVAUlk=
github.com/jfk9w-go/aconvert-api v0.9.3-0.20190107111016-79576d176002/go.mod h1:wjl/5rqWrkEqPySt2Px3o9ZbEcLtSLpAwDaivBFjDm0=
github.com/jfk9w-go/flu v0.9.8-0.20190107092250-5af638104734 h1:DXf84pp6yBVEJdLqgZDb+6NwN2Hk7pEaZWMypDrjL+Q=
github.com/jfk9w-go/flu v0.9.8-0.20190107092250-5af638104734/go.mod h1:WD4sHpw1iYqFbNtI1IM7Y5h2Q+dkz/ClcM3NjsnezpE=
github.com/jfk9w-go/lego v0.9.6 h1:8Xzk9KqsNM4X/Olyv/oEHKyqFDkhcb4stakXlUC8Rs0=
github.com/jfk9w-go/lego v0.9.6/go.mod h1:43+RUBpYD1/CQ03G5Cnd0EwDCnQr5m+FuK+gFpoUDuI=
github.com/jfk9w-go/telegram-bot-api v0.9.2-0.20190115220447-b0764fccf787 h1:94IHby+spufk6ib+J0J+HRgCvyTaQN91Ie5cJAGlxC4=
github.com/jfk9w-go/telegram-bot-api v0.9.2-0.20190115220447-b0764fccf787/go.mod h1:xEFfSBnLwuE6YtdcmBDJc9CUjlUM7AlOFhDt1YAgy8Y=
github.com/mattn/go-sqlite3 v1.10.0 h1:jbhqpg7tQe4SupckyijYiy0mJJ/pRyHvXf7JdWK860o=
github.com/mattn/go-sqlite3 v1.10.0/go.mod h1:FPy6KqzDD04eiIsT53CuJW3U88zkxoIYsOqkbpncsNc=
github.com/segmentio/ksuid v1.0.2 h1:9yBfKyw4ECGTdALaF09Snw3sLJmYIX6AbPJrAy6MrDc=
github.com/segmentio/ksuid v1.0.2/go.mod h1:BXuJDr2byAiHuQaQtSKoXh1J0YmUDurywOXgB2w+OSU=
golang.org/x/exp v0.0.0-20190104205336-ae74f88a12a8 h1:2v7fVNLip9ITrYseY4lnWY8s0qXZh7OsjZX1QBlD1to=
golang.org/x/exp v0.0.0-20190104205336-ae74f88a12a8/go.mod h1:CJ0aWSM057203Lf6IL+f9T1iT9GByDxfZKAQTCR3kQA=
golang.org/x/net v0.0.0-20190108225652-1e06a53dbb7e h1:bRhVy7zSSasaqNksaRZiA5EEI+Ei4I1nO5Jh72wfHlg=
golang.org/x/net v0.0.0-20190108225652-1e06a53dbb7e/go.mod h1:mL1N/T3taQHkDXs73rZJwtUhF3w3ftmwwsq0BUmARs4=
